// !$*UTF8*$!
{
	archiveVersion = 1;
	classes = {
	};
	objectVersion = 45;
	objects = {

/* Begin PBXAggregateTarget section */
		24416B8111C4CA220047AFDD /* Build & Test */ = {
			isa = PBXAggregateTarget;
			buildConfigurationList = 24416B8A11C4CA520047AFDD /* Build configuration list for PBXAggregateTarget "Build & Test" */;
			buildPhases = (
				24416B8011C4CA220047AFDD /* ShellScript */,
			);
			dependencies = (
				24416B8511C4CA280047AFDD /* PBXTargetDependency */,
			);
			name = "Build & Test";
			productName = "Build & test";
		};
/* End PBXAggregateTarget section */

/* Begin PBXBuildFile section */
		24DD6CF91134B3F500162E58 /* ComAcktieMobileIosBarcodeModule.h in Headers */ = {isa = PBXBuildFile; fileRef = 24DD6CF71134B3F500162E58 /* ComAcktieMobileIosBarcodeModule.h */; };
		24DD6CFA1134B3F500162E58 /* ComAcktieMobileIosBarcodeModule.m in Sources */ = {isa = PBXBuildFile; fileRef = 24DD6CF81134B3F500162E58 /* ComAcktieMobileIosBarcodeModule.m */; };
		24DE9E1111C5FE74003F90F6 /* ComAcktieMobileIosBarcodeModuleAssets.h in Headers */ = {isa = PBXBuildFile; fileRef = 24DE9E0F11C5FE74003F90F6 /* ComAcktieMobileIosBarcodeModuleAssets.h */; };
		24DE9E1211C5FE74003F90F6 /* ComAcktieMobileIosBarcodeModuleAssets.m in Sources */ = {isa = PBXBuildFile; fileRef = 24DE9E1011C5FE74003F90F6 /* ComAcktieMobileIosBarcodeModuleAssets.m */; };
		AA747D9F0F9514B9006C5449 /* ComAcktieMobileIosBarcode_Prefix.pch in Headers */ = {isa = PBXBuildFile; fileRef = AA747D9E0F9514B9006C5449 /* ComAcktieMobileIosBarcode_Prefix.pch */; };
		AACBBE4A0F95108600F1A2B1 /* Foundation.framework in Frameworks */ = {isa = PBXBuildFile; fileRef = AACBBE490F95108600F1A2B1 /* Foundation.framework */; };
		EF12C242160A82140047DE36 /* Decoder.h in Headers */ = {isa = PBXBuildFile; fileRef = EF2D90E615B4DD680025D020 /* Decoder.h */; };
		EF12C243160A82140047DE36 /* Exception.h in Headers */ = {isa = PBXBuildFile; fileRef = EF2D90E715B4DD680025D020 /* Exception.h */; };
		EF12C244160A82140047DE36 /* Image.h in Headers */ = {isa = PBXBuildFile; fileRef = EF2D90E815B4DD680025D020 /* Image.h */; };
		EF12C245160A82140047DE36 /* ImageScanner.h in Headers */ = {isa = PBXBuildFile; fileRef = EF2D90E915B4DD680025D020 /* ImageScanner.h */; };
		EF12C246160A82140047DE36 /* Processor.h in Headers */ = {isa = PBXBuildFile; fileRef = EF2D90EA15B4DD680025D020 /* Processor.h */; };
		EF12C247160A82140047DE36 /* Scanner.h in Headers */ = {isa = PBXBuildFile; fileRef = EF2D90EB15B4DD680025D020 /* Scanner.h */; };
		EF12C248160A82140047DE36 /* Symbol.h in Headers */ = {isa = PBXBuildFile; fileRef = EF2D90EC15B4DD680025D020 /* Symbol.h */; };
		EF12C249160A82140047DE36 /* Video.h in Headers */ = {isa = PBXBuildFile; fileRef = EF2D90ED15B4DD680025D020 /* Video.h */; };
		EF12C24A160A82140047DE36 /* Window.h in Headers */ = {isa = PBXBuildFile; fileRef = EF2D90EE15B4DD680025D020 /* Window.h */; };
		EF12C24B160A82140047DE36 /* zbar.h in Headers */ = {isa = PBXBuildFile; fileRef = EF2D90EF15B4DD680025D020 /* zbar.h */; };
		EF12C24C160A82140047DE36 /* ZBarCameraSimulator.h in Headers */ = {isa = PBXBuildFile; fileRef = EF2D90F015B4DD680025D020 /* ZBarCameraSimulator.h */; };
		EF12C24D160A82140047DE36 /* ZBarCaptureReader.h in Headers */ = {isa = PBXBuildFile; fileRef = EF2D90F115B4DD680025D020 /* ZBarCaptureReader.h */; };
		EF12C24E160A82140047DE36 /* ZBarHelpController.h in Headers */ = {isa = PBXBuildFile; fileRef = EF2D90F215B4DD680025D020 /* ZBarHelpController.h */; };
		EF12C24F160A82140047DE36 /* ZBarImage.h in Headers */ = {isa = PBXBuildFile; fileRef = EF2D90F315B4DD680025D020 /* ZBarImage.h */; };
		EF12C250160A82140047DE36 /* ZBarImageScanner.h in Headers */ = {isa = PBXBuildFile; fileRef = EF2D90F415B4DD680025D020 /* ZBarImageScanner.h */; };
		EF12C251160A82140047DE36 /* ZBarReaderController.h in Headers */ = {isa = PBXBuildFile; fileRef = EF2D90F515B4DD680025D020 /* ZBarReaderController.h */; };
		EF12C252160A82140047DE36 /* ZBarReaderView.h in Headers */ = {isa = PBXBuildFile; fileRef = EF2D90F615B4DD680025D020 /* ZBarReaderView.h */; };
		EF12C253160A82140047DE36 /* ZBarReaderViewController.h in Headers */ = {isa = PBXBuildFile; fileRef = EF2D90F715B4DD680025D020 /* ZBarReaderViewController.h */; };
		EF12C254160A82140047DE36 /* ZBarSDK.h in Headers */ = {isa = PBXBuildFile; fileRef = EF2D90F815B4DD680025D020 /* ZBarSDK.h */; };
		EF12C255160A82140047DE36 /* ZBarSymbol.h in Headers */ = {isa = PBXBuildFile; fileRef = EF2D90F915B4DD680025D020 /* ZBarSymbol.h */; };
		EF2D911915B4DDB40025D020 /* AVFoundation.framework in Frameworks */ = {isa = PBXBuildFile; fileRef = EF2D911815B4DDB40025D020 /* AVFoundation.framework */; };
		EF2D911B15B4DDC00025D020 /* CoreMedia.framework in Frameworks */ = {isa = PBXBuildFile; fileRef = EF2D911A15B4DDC00025D020 /* CoreMedia.framework */; };
		EF2D911D15B4DDCA0025D020 /* CoreVideo.framework in Frameworks */ = {isa = PBXBuildFile; fileRef = EF2D911C15B4DDCA0025D020 /* CoreVideo.framework */; };
		EF2D911F15B4DDD50025D020 /* QuartzCore.framework in Frameworks */ = {isa = PBXBuildFile; fileRef = EF2D911E15B4DDD50025D020 /* QuartzCore.framework */; };
		EF2D912115B4DDE50025D020 /* libiconv.dylib in Frameworks */ = {isa = PBXBuildFile; fileRef = EF2D912015B4DDE50025D020 /* libiconv.dylib */; };
/* End PBXBuildFile section */

/* Begin PBXContainerItemProxy section */
		24416B8411C4CA280047AFDD /* PBXContainerItemProxy */ = {
			isa = PBXContainerItemProxy;
			containerPortal = 0867D690FE84028FC02AAC07 /* Project object */;
			proxyType = 1;
			remoteGlobalIDString = D2AAC07D0554694100DB518D;
			remoteInfo = "acktie mobile ios barcode";
		};
/* End PBXContainerItemProxy section */

/* Begin PBXFileReference section */
		24DD6CF71134B3F500162E58 /* ComAcktieMobileIosBarcodeModule.h */ = {isa = PBXFileReference; fileEncoding = 4; lastKnownFileType = sourcecode.c.h; name = ComAcktieMobileIosBarcodeModule.h; path = Classes/ComAcktieMobileIosBarcodeModule.h; sourceTree = "<group>"; };
		24DD6CF81134B3F500162E58 /* ComAcktieMobileIosBarcodeModule.m */ = {isa = PBXFileReference; fileEncoding = 4; lastKnownFileType = sourcecode.c.objc; name = ComAcktieMobileIosBarcodeModule.m; path = Classes/ComAcktieMobileIosBarcodeModule.m; sourceTree = "<group>"; };
		24DD6D1B1134B66800162E58 /* titanium.xcconfig */ = {isa = PBXFileReference; fileEncoding = 4; lastKnownFileType = text.xcconfig; path = titanium.xcconfig; sourceTree = "<group>"; };
		24DE9E0F11C5FE74003F90F6 /* ComAcktieMobileIosBarcodeModuleAssets.h */ = {isa = PBXFileReference; fileEncoding = 4; lastKnownFileType = sourcecode.c.h; name = ComAcktieMobileIosBarcodeModuleAssets.h; path = Classes/ComAcktieMobileIosBarcodeModuleAssets.h; sourceTree = "<group>"; };
		24DE9E1011C5FE74003F90F6 /* ComAcktieMobileIosBarcodeModuleAssets.m */ = {isa = PBXFileReference; fileEncoding = 4; lastKnownFileType = sourcecode.c.objc; name = ComAcktieMobileIosBarcodeModuleAssets.m; path = Classes/ComAcktieMobileIosBarcodeModuleAssets.m; sourceTree = "<group>"; };
		AA747D9E0F9514B9006C5449 /* ComAcktieMobileIosBarcode_Prefix.pch */ = {isa = PBXFileReference; fileEncoding = 4; lastKnownFileType = sourcecode.c.h; path = ComAcktieMobileIosBarcode_Prefix.pch; sourceTree = SOURCE_ROOT; };
		AACBBE490F95108600F1A2B1 /* Foundation.framework */ = {isa = PBXFileReference; lastKnownFileType = wrapper.framework; name = Foundation.framework; path = System/Library/Frameworks/Foundation.framework; sourceTree = SDKROOT; };
		D2AAC07E0554694100DB518D /* libComAcktieMobileIosBarcode.a */ = {isa = PBXFileReference; explicitFileType = archive.ar; includeInIndex = 0; path = libComAcktieMobileIosBarcode.a; sourceTree = BUILT_PRODUCTS_DIR; };
		E796329116C894A000A6B9A9 /* libzbar.a */ = {isa = PBXFileReference; lastKnownFileType = archive.ar; path = libzbar.a; sourceTree = "<group>"; };
		EF2D90E615B4DD680025D020 /* Decoder.h */ = {isa = PBXFileReference; fileEncoding = 4; lastKnownFileType = sourcecode.c.h; path = Decoder.h; sourceTree = "<group>"; };
		EF2D90E715B4DD680025D020 /* Exception.h */ = {isa = PBXFileReference; fileEncoding = 4; lastKnownFileType = sourcecode.c.h; path = Exception.h; sourceTree = "<group>"; };
		EF2D90E815B4DD680025D020 /* Image.h */ = {isa = PBXFileReference; fileEncoding = 4; lastKnownFileType = sourcecode.c.h; path = Image.h; sourceTree = "<group>"; };
		EF2D90E915B4DD680025D020 /* ImageScanner.h */ = {isa = PBXFileReference; fileEncoding = 4; lastKnownFileType = sourcecode.c.h; path = ImageScanner.h; sourceTree = "<group>"; };
		EF2D90EA15B4DD680025D020 /* Processor.h */ = {isa = PBXFileReference; fileEncoding = 4; lastKnownFileType = sourcecode.c.h; path = Processor.h; sourceTree = "<group>"; };
		EF2D90EB15B4DD680025D020 /* Scanner.h */ = {isa = PBXFileReference; fileEncoding = 4; lastKnownFileType = sourcecode.c.h; path = Scanner.h; sourceTree = "<group>"; };
		EF2D90EC15B4DD680025D020 /* Symbol.h */ = {isa = PBXFileReference; fileEncoding = 4; lastKnownFileType = sourcecode.c.h; path = Symbol.h; sourceTree = "<group>"; };
		EF2D90ED15B4DD680025D020 /* Video.h */ = {isa = PBXFileReference; fileEncoding = 4; lastKnownFileType = sourcecode.c.h; path = Video.h; sourceTree = "<group>"; };
		EF2D90EE15B4DD680025D020 /* Window.h */ = {isa = PBXFileReference; fileEncoding = 4; lastKnownFileType = sourcecode.c.h; path = Window.h; sourceTree = "<group>"; };
		EF2D90EF15B4DD680025D020 /* zbar.h */ = {isa = PBXFileReference; fileEncoding = 4; lastKnownFileType = sourcecode.c.h; path = zbar.h; sourceTree = "<group>"; };
		EF2D90F015B4DD680025D020 /* ZBarCameraSimulator.h */ = {isa = PBXFileReference; fileEncoding = 4; lastKnownFileType = sourcecode.c.h; path = ZBarCameraSimulator.h; sourceTree = "<group>"; };
		EF2D90F115B4DD680025D020 /* ZBarCaptureReader.h */ = {isa = PBXFileReference; fileEncoding = 4; lastKnownFileType = sourcecode.c.h; path = ZBarCaptureReader.h; sourceTree = "<group>"; };
		EF2D90F215B4DD680025D020 /* ZBarHelpController.h */ = {isa = PBXFileReference; fileEncoding = 4; lastKnownFileType = sourcecode.c.h; path = ZBarHelpController.h; sourceTree = "<group>"; };
		EF2D90F315B4DD680025D020 /* ZBarImage.h */ = {isa = PBXFileReference; fileEncoding = 4; lastKnownFileType = sourcecode.c.h; path = ZBarImage.h; sourceTree = "<group>"; };
		EF2D90F415B4DD680025D020 /* ZBarImageScanner.h */ = {isa = PBXFileReference; fileEncoding = 4; lastKnownFileType = sourcecode.c.h; path = ZBarImageScanner.h; sourceTree = "<group>"; };
		EF2D90F515B4DD680025D020 /* ZBarReaderController.h */ = {isa = PBXFileReference; fileEncoding = 4; lastKnownFileType = sourcecode.c.h; path = ZBarReaderController.h; sourceTree = "<group>"; };
		EF2D90F615B4DD680025D020 /* ZBarReaderView.h */ = {isa = PBXFileReference; fileEncoding = 4; lastKnownFileType = sourcecode.c.h; path = ZBarReaderView.h; sourceTree = "<group>"; };
		EF2D90F715B4DD680025D020 /* ZBarReaderViewController.h */ = {isa = PBXFileReference; fileEncoding = 4; lastKnownFileType = sourcecode.c.h; path = ZBarReaderViewController.h; sourceTree = "<group>"; };
		EF2D90F815B4DD680025D020 /* ZBarSDK.h */ = {isa = PBXFileReference; fileEncoding = 4; lastKnownFileType = sourcecode.c.h; path = ZBarSDK.h; sourceTree = "<group>"; };
		EF2D90F915B4DD680025D020 /* ZBarSymbol.h */ = {isa = PBXFileReference; fileEncoding = 4; lastKnownFileType = sourcecode.c.h; path = ZBarSymbol.h; sourceTree = "<group>"; };
		EF2D90FC15B4DD680025D020 /* zbar-back.png */ = {isa = PBXFileReference; lastKnownFileType = image.png; path = "zbar-back.png"; sourceTree = "<group>"; };
		EF2D90FD15B4DD680025D020 /* zbar-help.html */ = {isa = PBXFileReference; fileEncoding = 4; lastKnownFileType = text.html; path = "zbar-help.html"; sourceTree = "<group>"; };
		EF2D90FE15B4DD680025D020 /* zbar-helpicons.png */ = {isa = PBXFileReference; lastKnownFileType = image.png; path = "zbar-helpicons.png"; sourceTree = "<group>"; };
		EF2D90FF15B4DD680025D020 /* zbar-samples.png */ = {isa = PBXFileReference; lastKnownFileType = image.png; path = "zbar-samples.png"; sourceTree = "<group>"; };
		EF2D911615B4DD870025D020 /* AudioToolbox.framework */ = {isa = PBXFileReference; lastKnownFileType = wrapper.framework; name = AudioToolbox.framework; path = System/Library/Frameworks/AudioToolbox.framework; sourceTree = SDKROOT; };
		EF2D911815B4DDB40025D020 /* AVFoundation.framework */ = {isa = PBXFileReference; lastKnownFileType = wrapper.framework; name = AVFoundation.framework; path = System/Library/Frameworks/AVFoundation.framework; sourceTree = SDKROOT; };
		EF2D911A15B4DDC00025D020 /* CoreMedia.framework */ = {isa = PBXFileReference; lastKnownFileType = wrapper.framework; name = CoreMedia.framework; path = System/Library/Frameworks/CoreMedia.framework; sourceTree = SDKROOT; };
		EF2D911C15B4DDCA0025D020 /* CoreVideo.framework */ = {isa = PBXFileReference; lastKnownFileType = wrapper.framework; name = CoreVideo.framework; path = System/Library/Frameworks/CoreVideo.framework; sourceTree = SDKROOT; };
		EF2D911E15B4DDD50025D020 /* QuartzCore.framework */ = {isa = PBXFileReference; lastKnownFileType = wrapper.framework; name = QuartzCore.framework; path = System/Library/Frameworks/QuartzCore.framework; sourceTree = SDKROOT; };
		EF2D912015B4DDE50025D020 /* libiconv.dylib */ = {isa = PBXFileReference; lastKnownFileType = "compiled.mach-o.dylib"; name = libiconv.dylib; path = usr/lib/libiconv.dylib; sourceTree = SDKROOT; };
/* End PBXFileReference section */

/* Begin PBXFrameworksBuildPhase section */
		D2AAC07C0554694100DB518D /* Frameworks */ = {
			isa = PBXFrameworksBuildPhase;
			buildActionMask = 2147483647;
			files = (
				EF2D912115B4DDE50025D020 /* libiconv.dylib in Frameworks */,
				EF2D911F15B4DDD50025D020 /* QuartzCore.framework in Frameworks */,
				EF2D911D15B4DDCA0025D020 /* CoreVideo.framework in Frameworks */,
				EF2D911B15B4DDC00025D020 /* CoreMedia.framework in Frameworks */,
				EF2D911915B4DDB40025D020 /* AVFoundation.framework in Frameworks */,
				AACBBE4A0F95108600F1A2B1 /* Foundation.framework in Frameworks */,
			);
			runOnlyForDeploymentPostprocessing = 0;
		};
/* End PBXFrameworksBuildPhase section */

/* Begin PBXGroup section */
		034768DFFF38A50411DB9C8B /* Products */ = {
			isa = PBXGroup;
			children = (
				D2AAC07E0554694100DB518D /* libComAcktieMobileIosBarcode.a */,
			);
			name = Products;
			sourceTree = "<group>";
		};
		0867D691FE84028FC02AAC07 /* acktie mobile ios barcode */ = {
			isa = PBXGroup;
			children = (
				EF2D912015B4DDE50025D020 /* libiconv.dylib */,
				EF2D911E15B4DDD50025D020 /* QuartzCore.framework */,
				EF2D911C15B4DDCA0025D020 /* CoreVideo.framework */,
				EF2D911A15B4DDC00025D020 /* CoreMedia.framework */,
				EF2D911815B4DDB40025D020 /* AVFoundation.framework */,
				EF2D911615B4DD870025D020 /* AudioToolbox.framework */,
				EF2D90E215B4DD680025D020 /* ZBarSDK */,
				08FB77AEFE84172EC02AAC07 /* Classes */,
				32C88DFF0371C24200C91783 /* Other Sources */,
				0867D69AFE84028FC02AAC07 /* Frameworks */,
				034768DFFF38A50411DB9C8B /* Products */,
			);
			name = "acktie mobile ios barcode";
			sourceTree = "<group>";
		};
		0867D69AFE84028FC02AAC07 /* Frameworks */ = {
			isa = PBXGroup;
			children = (
				AACBBE490F95108600F1A2B1 /* Foundation.framework */,
			);
			name = Frameworks;
			sourceTree = "<group>";
		};
		08FB77AEFE84172EC02AAC07 /* Classes */ = {
			isa = PBXGroup;
			children = (
				24DE9E0F11C5FE74003F90F6 /* ComAcktieMobileIosBarcodeModuleAssets.h */,
				24DE9E1011C5FE74003F90F6 /* ComAcktieMobileIosBarcodeModuleAssets.m */,
				24DD6CF71134B3F500162E58 /* ComAcktieMobileIosBarcodeModule.h */,
				24DD6CF81134B3F500162E58 /* ComAcktieMobileIosBarcodeModule.m */,
			);
			name = Classes;
			sourceTree = "<group>";
		};
		32C88DFF0371C24200C91783 /* Other Sources */ = {
			isa = PBXGroup;
			children = (
				AA747D9E0F9514B9006C5449 /* ComAcktieMobileIosBarcode_Prefix.pch */,
				24DD6D1B1134B66800162E58 /* titanium.xcconfig */,
			);
			name = "Other Sources";
			sourceTree = "<group>";
		};
		EF2D90E215B4DD680025D020 /* ZBarSDK */ = {
			isa = PBXGroup;
			children = (
				E796329116C894A000A6B9A9 /* libzbar.a */,
				EF2D90E315B4DD680025D020 /* Headers */,
				EF2D90FB15B4DD680025D020 /* Resources */,
			);
			path = ZBarSDK;
			sourceTree = "<group>";
		};
		EF2D90E315B4DD680025D020 /* Headers */ = {
			isa = PBXGroup;
			children = (
				EF2D90E415B4DD680025D020 /* ZBarSDK */,
			);
			path = Headers;
			sourceTree = "<group>";
		};
		EF2D90E415B4DD680025D020 /* ZBarSDK */ = {
			isa = PBXGroup;
			children = (
				EF2D90E515B4DD680025D020 /* zbar */,
				EF2D90EF15B4DD680025D020 /* zbar.h */,
				EF2D90F015B4DD680025D020 /* ZBarCameraSimulator.h */,
				EF2D90F115B4DD680025D020 /* ZBarCaptureReader.h */,
				EF2D90F215B4DD680025D020 /* ZBarHelpController.h */,
				EF2D90F315B4DD680025D020 /* ZBarImage.h */,
				EF2D90F415B4DD680025D020 /* ZBarImageScanner.h */,
				EF2D90F515B4DD680025D020 /* ZBarReaderController.h */,
				EF2D90F615B4DD680025D020 /* ZBarReaderView.h */,
				EF2D90F715B4DD680025D020 /* ZBarReaderViewController.h */,
				EF2D90F815B4DD680025D020 /* ZBarSDK.h */,
				EF2D90F915B4DD680025D020 /* ZBarSymbol.h */,
			);
			path = ZBarSDK;
			sourceTree = "<group>";
		};
		EF2D90E515B4DD680025D020 /* zbar */ = {
			isa = PBXGroup;
			children = (
				EF2D90E615B4DD680025D020 /* Decoder.h */,
				EF2D90E715B4DD680025D020 /* Exception.h */,
				EF2D90E815B4DD680025D020 /* Image.h */,
				EF2D90E915B4DD680025D020 /* ImageScanner.h */,
				EF2D90EA15B4DD680025D020 /* Processor.h */,
				EF2D90EB15B4DD680025D020 /* Scanner.h */,
				EF2D90EC15B4DD680025D020 /* Symbol.h */,
				EF2D90ED15B4DD680025D020 /* Video.h */,
				EF2D90EE15B4DD680025D020 /* Window.h */,
			);
			path = zbar;
			sourceTree = "<group>";
		};
		EF2D90FB15B4DD680025D020 /* Resources */ = {
			isa = PBXGroup;
			children = (
				EF2D90FC15B4DD680025D020 /* zbar-back.png */,
				EF2D90FD15B4DD680025D020 /* zbar-help.html */,
				EF2D90FE15B4DD680025D020 /* zbar-helpicons.png */,
				EF2D90FF15B4DD680025D020 /* zbar-samples.png */,
			);
			path = Resources;
			sourceTree = "<group>";
		};
/* End PBXGroup section */

/* Begin PBXHeadersBuildPhase section */
		D2AAC07A0554694100DB518D /* Headers */ = {
			isa = PBXHeadersBuildPhase;
			buildActionMask = 2147483647;
			files = (
				EF12C242160A82140047DE36 /* Decoder.h in Headers */,
				EF12C243160A82140047DE36 /* Exception.h in Headers */,
				EF12C244160A82140047DE36 /* Image.h in Headers */,
				EF12C245160A82140047DE36 /* ImageScanner.h in Headers */,
				EF12C246160A82140047DE36 /* Processor.h in Headers */,
				EF12C247160A82140047DE36 /* Scanner.h in Headers */,
				EF12C248160A82140047DE36 /* Symbol.h in Headers */,
				EF12C249160A82140047DE36 /* Video.h in Headers */,
				EF12C24A160A82140047DE36 /* Window.h in Headers */,
				EF12C24B160A82140047DE36 /* zbar.h in Headers */,
				EF12C24C160A82140047DE36 /* ZBarCameraSimulator.h in Headers */,
				EF12C24D160A82140047DE36 /* ZBarCaptureReader.h in Headers */,
				EF12C24E160A82140047DE36 /* ZBarHelpController.h in Headers */,
				EF12C24F160A82140047DE36 /* ZBarImage.h in Headers */,
				EF12C250160A82140047DE36 /* ZBarImageScanner.h in Headers */,
				EF12C251160A82140047DE36 /* ZBarReaderController.h in Headers */,
				EF12C252160A82140047DE36 /* ZBarReaderView.h in Headers */,
				EF12C253160A82140047DE36 /* ZBarReaderViewController.h in Headers */,
				EF12C254160A82140047DE36 /* ZBarSDK.h in Headers */,
				EF12C255160A82140047DE36 /* ZBarSymbol.h in Headers */,
				AA747D9F0F9514B9006C5449 /* ComAcktieMobileIosBarcode_Prefix.pch in Headers */,
				24DD6CF91134B3F500162E58 /* ComAcktieMobileIosBarcodeModule.h in Headers */,
				24DE9E1111C5FE74003F90F6 /* ComAcktieMobileIosBarcodeModuleAssets.h in Headers */,
			);
			runOnlyForDeploymentPostprocessing = 0;
		};
/* End PBXHeadersBuildPhase section */

/* Begin PBXNativeTarget section */
		D2AAC07D0554694100DB518D /* acktie mobile ios barcode */ = {
			isa = PBXNativeTarget;
			buildConfigurationList = 1DEB921E08733DC00010E9CD /* Build configuration list for PBXNativeTarget "acktie mobile ios barcode" */;
			buildPhases = (
				D2AAC07A0554694100DB518D /* Headers */,
				D2AAC07B0554694100DB518D /* Sources */,
				D2AAC07C0554694100DB518D /* Frameworks */,
			);
			buildRules = (
			);
			dependencies = (
			);
			name = "acktie mobile ios barcode";
			productName = "acktie mobile ios barcode";
			productReference = D2AAC07E0554694100DB518D /* libComAcktieMobileIosBarcode.a */;
			productType = "com.apple.product-type.library.static";
		};
/* End PBXNativeTarget section */

/* Begin PBXProject section */
		0867D690FE84028FC02AAC07 /* Project object */ = {
			isa = PBXProject;
			buildConfigurationList = 1DEB922208733DC00010E9CD /* Build configuration list for PBXProject "acktie mobile ios barcode" */;
			compatibilityVersion = "Xcode 3.1";
			developmentRegion = English;
			hasScannedForEncodings = 1;
			knownRegions = (
				English,
				Japanese,
				French,
				German,
			);
			mainGroup = 0867D691FE84028FC02AAC07 /* acktie mobile ios barcode */;
			productRefGroup = 034768DFFF38A50411DB9C8B /* Products */;
			projectDirPath = "";
			projectRoot = "";
			targets = (
				D2AAC07D0554694100DB518D /* acktie mobile ios barcode */,
				24416B8111C4CA220047AFDD /* Build & Test */,
			);
		};
/* End PBXProject section */

/* Begin PBXShellScriptBuildPhase section */
		24416B8011C4CA220047AFDD /* ShellScript */ = {
			isa = PBXShellScriptBuildPhase;
			buildActionMask = 2147483647;
			files = (
			);
			inputPaths = (
			);
			outputPaths = (
			);
			runOnlyForDeploymentPostprocessing = 0;
			shellPath = /bin/sh;
			shellScript = "# shell script goes here\n\npython \"${TITANIUM_SDK}/titanium.py\" run --dir=\"${PROJECT_DIR}\"\nexit $?\n";
		};
/* End PBXShellScriptBuildPhase section */

/* Begin PBXSourcesBuildPhase section */
		D2AAC07B0554694100DB518D /* Sources */ = {
			isa = PBXSourcesBuildPhase;
			buildActionMask = 2147483647;
			files = (
				24DD6CFA1134B3F500162E58 /* ComAcktieMobileIosBarcodeModule.m in Sources */,
				24DE9E1211C5FE74003F90F6 /* ComAcktieMobileIosBarcodeModuleAssets.m in Sources */,
			);
			runOnlyForDeploymentPostprocessing = 0;
		};
/* End PBXSourcesBuildPhase section */

/* Begin PBXTargetDependency section */
		24416B8511C4CA280047AFDD /* PBXTargetDependency */ = {
			isa = PBXTargetDependency;
			target = D2AAC07D0554694100DB518D /* acktie mobile ios barcode */;
			targetProxy = 24416B8411C4CA280047AFDD /* PBXContainerItemProxy */;
		};
/* End PBXTargetDependency section */

/* Begin XCBuildConfiguration section */
		1DEB921F08733DC00010E9CD /* Debug */ = {
			isa = XCBuildConfiguration;
			baseConfigurationReference = 24DD6D1B1134B66800162E58 /* titanium.xcconfig */;
			buildSettings = {
				ARCHS = (
					armv6,
					armv7,
				);
				"ARCHS[sdk=iphoneos*]" = (
					armv6,
					armv7,
				);
				"ARCHS[sdk=iphonesimulator*]" = i386;
				CODE_SIGN_IDENTITY = "iPhone Developer";
				"CODE_SIGN_IDENTITY[sdk=iphoneos*]" = "iPhone Developer";
				DSTROOT = /tmp/ComAcktieMobileIosBarcode.dst;
				GCC_C_LANGUAGE_STANDARD = c99;
				GCC_OPTIMIZATION_LEVEL = 0;
				GCC_PRECOMPILE_PREFIX_HEADER = YES;
				GCC_PREFIX_HEADER = ComAcktieMobileIosBarcode_Prefix.pch;
				GCC_PREPROCESSOR_DEFINITIONS = "TI_VERSION=$(TI_VERSION)";
				GCC_TREAT_WARNINGS_AS_ERRORS = NO;
				GCC_VERSION = "";
				GCC_WARN_ABOUT_RETURN_TYPE = NO;
				GCC_WARN_MISSING_PARENTHESES = NO;
				GCC_WARN_SHADOW = NO;
				GCC_WARN_STRICT_SELECTOR_MATCH = NO;
				GCC_WARN_UNUSED_FUNCTION = YES;
				GCC_WARN_UNUSED_PARAMETER = NO;
				GCC_WARN_UNUSED_VALUE = NO;
				GCC_WARN_UNUSED_VARIABLE = NO;
				INSTALL_PATH = /usr/local/lib;
				LIBRARY_SEARCH_PATHS = (
					"$(inherited)",
					"\"$(SRCROOT)/ZBarSDK\"",
				);
				OTHER_CFLAGS = (
					"-DDEBUG",
					"-DTI_POST_1_2",
				);
				OTHER_LDFLAGS = "-ObjC";
				PRODUCT_NAME = ComAcktieMobileIosBarcode;
				PROVISIONING_PROFILE = "";
				"PROVISIONING_PROFILE[sdk=iphoneos*]" = "";
				RUN_CLANG_STATIC_ANALYZER = NO;
				SDKROOT = iphoneos;
				TITANIUM_SDK = "/Users/Nuzzi/Library/Application Support/Titanium/mobilesdk/osx/$(TITANIUM_SDK_VERSION)";
				TITANIUM_SDK_VERSION = 2.1.3.GA;
				USER_HEADER_SEARCH_PATHS = "";
			};
			name = Debug;
		};
		1DEB922008733DC00010E9CD /* Release */ = {
			isa = XCBuildConfiguration;
			baseConfigurationReference = 24DD6D1B1134B66800162E58 /* titanium.xcconfig */;
			buildSettings = {
				ALWAYS_SEARCH_USER_PATHS = NO;
				ARCHS = (
					armv6,
					armv7,
				);
				"ARCHS[sdk=iphoneos*]" = (
					armv6,
					armv7,
				);
				"ARCHS[sdk=iphonesimulator*]" = i386;
				DSTROOT = /tmp/ComAcktieMobileIosBarcode.dst;
				GCC_C_LANGUAGE_STANDARD = c99;
				GCC_MODEL_TUNING = G5;
				GCC_PRECOMPILE_PREFIX_HEADER = YES;
				GCC_PREFIX_HEADER = ComAcktieMobileIosBarcode_Prefix.pch;
				GCC_PREPROCESSOR_DEFINITIONS = "TI_VERSION=$(TI_VERSION)";
				GCC_TREAT_WARNINGS_AS_ERRORS = NO;
				GCC_VERSION = "";
				GCC_WARN_ABOUT_RETURN_TYPE = NO;
				GCC_WARN_MISSING_PARENTHESES = NO;
				GCC_WARN_SHADOW = NO;
				GCC_WARN_STRICT_SELECTOR_MATCH = NO;
				GCC_WARN_UNUSED_FUNCTION = YES;
				GCC_WARN_UNUSED_PARAMETER = NO;
				GCC_WARN_UNUSED_VALUE = NO;
				GCC_WARN_UNUSED_VARIABLE = NO;
				INSTALL_PATH = /usr/local/lib;
				IPHONEOS_DEPLOYMENT_TARGET = 4.0;
				LIBRARY_SEARCH_PATHS = (
					"$(inherited)",
					"\"$(SRCROOT)/ZBarSDK\"",
				);
				OTHER_CFLAGS = "-DTI_POST_1_2";
				OTHER_LDFLAGS = "-ObjC";
				PRODUCT_NAME = ComAcktieMobileIosBarcode;
				RUN_CLANG_STATIC_ANALYZER = NO;
				SDKROOT = iphoneos;
				TITANIUM_SDK = "/Users/Nuzzi/Library/Application Support/Titanium/mobilesdk/osx/$(TITANIUM_SDK_VERSION)";
				TITANIUM_SDK_VERSION = 2.1.3.GA;
				USER_HEADER_SEARCH_PATHS = "";
			};
			name = Release;
		};
		1DEB922308733DC00010E9CD /* Debug */ = {
			isa = XCBuildConfiguration;
			baseConfigurationReference = 24DD6D1B1134B66800162E58 /* titanium.xcconfig */;
			buildSettings = {
				ARCHS = (
					armv6,
					armv7,
				);
				"ARCHS[sdk=iphoneos*]" = (
					armv6,
					armv7,
				);
				"ARCHS[sdk=iphonesimulator*]" = i386;
				CODE_SIGN_IDENTITY = "iPhone Developer";
				"CODE_SIGN_IDENTITY[sdk=iphoneos*]" = "iPhone Developer";
				DSTROOT = /tmp/ComAcktieMobileIosBarcode.dst;
				GCC_C_LANGUAGE_STANDARD = c99;
				GCC_OPTIMIZATION_LEVEL = 0;
				GCC_PRECOMPILE_PREFIX_HEADER = YES;
				GCC_PREFIX_HEADER = ComAcktieMobileIosBarcode_Prefix.pch;
				GCC_PREPROCESSOR_DEFINITIONS = "TI_VERSION=$(TI_VERSION)";
				GCC_TREAT_WARNINGS_AS_ERRORS = NO;
				GCC_VERSION = "";
				GCC_WARN_ABOUT_RETURN_TYPE = NO;
				GCC_WARN_MISSING_PARENTHESES = NO;
				GCC_WARN_SHADOW = NO;
				GCC_WARN_STRICT_SELECTOR_MATCH = NO;
				GCC_WARN_UNUSED_FUNCTION = YES;
				GCC_WARN_UNUSED_PARAMETER = NO;
				GCC_WARN_UNUSED_VALUE = NO;
				GCC_WARN_UNUSED_VARIABLE = NO;
				INSTALL_PATH = /usr/local/lib;
				OTHER_CFLAGS = (
					"-DDEBUG",
					"-DTI_POST_1_2",
				);
				OTHER_LDFLAGS = "-ObjC";
				PRODUCT_NAME = ComAcktieMobileIosBarcode;
				PROVISIONING_PROFILE = "";
				"PROVISIONING_PROFILE[sdk=iphoneos*]" = "";
				RUN_CLANG_STATIC_ANALYZER = NO;
				SDKROOT = iphoneos;
				TITANIUM_SDK = "/Users/Nuzzi/Library/Application Support/Titanium/mobilesdk/osx/$(TITANIUM_SDK_VERSION)";
				TITANIUM_SDK_VERSION = 2.1.3.GA;
				USER_HEADER_SEARCH_PATHS = "";
			};
			name = Debug;
		};
		1DEB922408733DC00010E9CD /* Release */ = {
			isa = XCBuildConfiguration;
			baseConfigurationReference = 24DD6D1B1134B66800162E58 /* titanium.xcconfig */;
			buildSettings = {
				ALWAYS_SEARCH_USER_PATHS = NO;
				ARCHS = (
					armv6,
					armv7,
				);
				"ARCHS[sdk=iphoneos*]" = (
					armv6,
					armv7,
				);
				"ARCHS[sdk=iphonesimulator*]" = i386;
				DSTROOT = /tmp/ComAcktieMobileIosBarcode.dst;
				GCC_C_LANGUAGE_STANDARD = c99;
				GCC_MODEL_TUNING = G5;
				GCC_PRECOMPILE_PREFIX_HEADER = YES;
				GCC_PREFIX_HEADER = ComAcktieMobileIosBarcode_Prefix.pch;
				GCC_PREPROCESSOR_DEFINITIONS = "TI_VERSION=$(TI_VERSION)";
				GCC_TREAT_WARNINGS_AS_ERRORS = NO;
				GCC_VERSION = "";
				GCC_WARN_ABOUT_RETURN_TYPE = NO;
				GCC_WARN_MISSING_PARENTHESES = NO;
				GCC_WARN_SHADOW = NO;
				GCC_WARN_STRICT_SELECTOR_MATCH = NO;
				GCC_WARN_UNUSED_FUNCTION = YES;
				GCC_WARN_UNUSED_PARAMETER = NO;
				GCC_WARN_UNUSED_VALUE = NO;
				GCC_WARN_UNUSED_VARIABLE = NO;
				INSTALL_PATH = /usr/local/lib;
				IPHONEOS_DEPLOYMENT_TARGET = 4.0;
				OTHER_CFLAGS = "-DTI_POST_1_2";
				OTHER_LDFLAGS = "-ObjC";
				PRODUCT_NAME = ComAcktieMobileIosBarcode;
				RUN_CLANG_STATIC_ANALYZER = NO;
				SDKROOT = iphoneos;
				TITANIUM_SDK = "/Users/Nuzzi/Library/Application Support/Titanium/mobilesdk/osx/$(TITANIUM_SDK_VERSION)";
				TITANIUM_SDK_VERSION = 2.1.3.GA;
				USER_HEADER_SEARCH_PATHS = "";
			};
			name = Release;
		};
		24416B8211C4CA220047AFDD /* Debug */ = {
			isa = XCBuildConfiguration;
			baseConfigurationReference = 24DD6D1B1134B66800162E58 /* titanium.xcconfig */;
			buildSettings = {
				COPY_PHASE_STRIP = NO;
				GCC_DYNAMIC_NO_PIC = NO;
				GCC_OPTIMIZATION_LEVEL = 0;
				PRODUCT_NAME = "Build & test";
				TITANIUM_SDK = "/Users/Nuzzi/Library/Application Support/Titanium/mobilesdk/osx/$(TITANIUM_SDK_VERSION)";
				TITANIUM_SDK_VERSION = 2.1.3.GA;
			};
			name = Debug;
		};
		24416B8311C4CA220047AFDD /* Release */ = {
			isa = XCBuildConfiguration;
			baseConfigurationReference = 24DD6D1B1134B66800162E58 /* titanium.xcconfig */;
			buildSettings = {
				COPY_PHASE_STRIP = YES;
				DEBUG_INFORMATION_FORMAT = "dwarf-with-dsym";
				GCC_ENABLE_FIX_AND_CONTINUE = NO;
				PRODUCT_NAME = "Build & test";
				TITANIUM_SDK = "/Users/Nuzzi/Library/Application Support/Titanium/mobilesdk/osx/$(TITANIUM_SDK_VERSION)";
				TITANIUM_SDK_VERSION = 2.1.3.GA;
				ZERO_LINK = NO;
			};
			name = Release;
		};
/* End XCBuildConfiguration section */

/* Begin XCConfigurationList section */
		1DEB921E08733DC00010E9CD /* Build configuration list for PBXNativeTarget "acktie mobile ios barcode" */ = {
			isa = XCConfigurationList;
			buildConfigurations = (
				1DEB921F08733DC00010E9CD /* Debug */,
				1DEB922008733DC00010E9CD /* Release */,
			);
			defaultConfigurationIsVisible = 0;
			defaultConfigurationName = Release;
		};
		1DEB922208733DC00010E9CD /* Build configuration list for PBXProject "acktie mobile ios barcode" */ = {
			isa = XCConfigurationList;
			buildConfigurations = (
				1DEB922308733DC00010E9CD /* Debug */,
				1DEB922408733DC00010E9CD /* Release */,
			);
			defaultConfigurationIsVisible = 0;
			defaultConfigurationName = Release;
		};
		24416B8A11C4CA520047AFDD /* Build configuration list for PBXAggregateTarget "Build & Test" */ = {
			isa = XCConfigurationList;
			buildConfigurations = (
				24416B8211C4CA220047AFDD /* Debug */,
				24416B8311C4CA220047AFDD /* Release */,
			);
			defaultConfigurationIsVisible = 0;
			defaultConfigurationName = Release;
		};
/* End XCConfigurationList section */
	};
	rootObject = 0867D690FE84028FC02AAC07 /* Project object */;
}
